
Microsoft Visual Studio Solution File, Format Version 12.00
# Visual Studio Version 17
VisualStudioVersion = 17.0.31903.59
MinimumVisualStudioVersion = 10.0.40219.1
Project("{8BC9CEB8-8B4A-11D0-8D11-00A0C91BC942}") = "snake game", "snake game\snake game.vcxproj", "{704676F6-CEAE-4178-99DC-BCE6FC481FBE}"
EndProject
Global
	GlobalSection(SolutionConfigurationPlatforms) = preSolution
		Debug|x64 = Debug|x64
		Debug|x86 = Debug|x86
		Release|x64 = Release|x64
		Release|x86 = Release|x86
	EndGlobalSection
	GlobalSection(ProjectConfigurationPlatforms) = postSolution
		{704676F6-CEAE-4178-99DC-BCE6FC481FBE}.Debug|x64.ActiveCfg = Debug|x64
		{704676F6-CEAE-4178-99DC-BCE6FC481FBE}.Debug|x64.Build.0 = Debug|x64
		{704676F6-CEAE-4178-99DC-BCE6FC481FBE}.Debug|x86.ActiveCfg = Debug|Win32
		{704676F6-CEAE-4178-99DC-BCE6FC481FBE}.Debug|x86.Build.0 = Debug|Win32
		{704676F6-CEAE-4178-99DC-BCE6FC481FBE}.Release|x64.ActiveCfg = Release|x64
		{704676F6-CEAE-4178-99DC-BCE6FC481FBE}.Release|x64.Build.0 = Release|x64
		{704676F6-CEAE-4178-99DC-BCE6FC481FBE}.Release|x86.ActiveCfg = Release|Win32
		{704676F6-CEAE-4178-99DC-BCE6FC481FBE}.Release|x86.Build.0 = Release|Win32
	EndGlobalSection
	GlobalSection(SolutionProperties) = preSolution
		HideSolutionNode = FALSE
	EndGlobalSection
	GlobalSection(ExtensibilityGlobals) = postSolution
		SolutionGuid = {C4245384-F3C8-4380-A9BF-45A28F226BB0}
	EndGlobalSection
EndGlobal
